// !$*UTF8*$!
{
	archiveVersion = 1;
	classes = {
	};
	objectVersion = 50;
	objects = {

/* Begin PBXBuildFile section */
		8A79DEE722C7BC9D00778F85 /* iTunesClient.framework in Frameworks */ = {isa = PBXBuildFile; fileRef = 8A79DEDD22C7BC9D00778F85 /* iTunesClient.framework */; };
		8A79DEEC22C7BC9D00778F85 /* iTunesClientTests.swift in Sources */ = {isa = PBXBuildFile; fileRef = 8A79DEEB22C7BC9D00778F85 /* iTunesClientTests.swift */; };
		8A79DEEE22C7BC9D00778F85 /* iTunesClient.h in Headers */ = {isa = PBXBuildFile; fileRef = 8A79DEE022C7BC9D00778F85 /* iTunesClient.h */; settings = {ATTRIBUTES = (Public, ); }; };
		8A79DEFE22C7BCBF00778F85 /* BaseOperation.swift in Sources */ = {isa = PBXBuildFile; fileRef = 8A79DEF822C7BCBF00778F85 /* BaseOperation.swift */; };
		8A79DEFF22C7BCBF00778F85 /* BaseOperation.swift in Sources */ = {isa = PBXBuildFile; fileRef = 8A79DEF822C7BCBF00778F85 /* BaseOperation.swift */; };
		8A79DF0022C7BCBF00778F85 /* FetchOperation.swift in Sources */ = {isa = PBXBuildFile; fileRef = 8A79DEF922C7BCBF00778F85 /* FetchOperation.swift */; };
		8A79DF0122C7BCBF00778F85 /* FetchOperation.swift in Sources */ = {isa = PBXBuildFile; fileRef = 8A79DEF922C7BCBF00778F85 /* FetchOperation.swift */; };
		8A79DF0222C7BCBF00778F85 /* DecodeOperation.swift in Sources */ = {isa = PBXBuildFile; fileRef = 8A79DEFA22C7BCBF00778F85 /* DecodeOperation.swift */; };
		8A79DF0322C7BCBF00778F85 /* DecodeOperation.swift in Sources */ = {isa = PBXBuildFile; fileRef = 8A79DEFA22C7BCBF00778F85 /* DecodeOperation.swift */; };
		8A79DF0422C7BCBF00778F85 /* DelayOperation.swift in Sources */ = {isa = PBXBuildFile; fileRef = 8A79DEFB22C7BCBF00778F85 /* DelayOperation.swift */; };
		8A79DF0522C7BCBF00778F85 /* DelayOperation.swift in Sources */ = {isa = PBXBuildFile; fileRef = 8A79DEFB22C7BCBF00778F85 /* DelayOperation.swift */; };
		8A79DF0622C7BCBF00778F85 /* UpdateUIOperation.swift in Sources */ = {isa = PBXBuildFile; fileRef = 8A79DEFC22C7BCBF00778F85 /* UpdateUIOperation.swift */; };
		8A79DF0722C7BCBF00778F85 /* UpdateUIOperation.swift in Sources */ = {isa = PBXBuildFile; fileRef = 8A79DEFC22C7BCBF00778F85 /* UpdateUIOperation.swift */; };
		8A79DF0822C7BCBF00778F85 /* OperationData.swift in Sources */ = {isa = PBXBuildFile; fileRef = 8A79DEFD22C7BCBF00778F85 /* OperationData.swift */; };
		8A79DF0922C7BCBF00778F85 /* OperationData.swift in Sources */ = {isa = PBXBuildFile; fileRef = 8A79DEFD22C7BCBF00778F85 /* OperationData.swift */; };
		8A79DF0B22C7BCC900778F85 /* Client.swift in Sources */ = {isa = PBXBuildFile; fileRef = 8A79DF0A22C7BCC900778F85 /* Client.swift */; };
		8A79DF0C22C7BCC900778F85 /* Client.swift in Sources */ = {isa = PBXBuildFile; fileRef = 8A79DF0A22C7BCC900778F85 /* Client.swift */; };
/* End PBXBuildFile section */

/* Begin PBXContainerItemProxy section */
		8A79DEE822C7BC9D00778F85 /* PBXContainerItemProxy */ = {
			isa = PBXContainerItemProxy;
			containerPortal = 8A79DED422C7BC9D00778F85 /* Project object */;
			proxyType = 1;
			remoteGlobalIDString = 8A79DEDC22C7BC9D00778F85;
			remoteInfo = iTunesClient;
		};
/* End PBXContainerItemProxy section */

/* Begin PBXFileReference section */
		8A79DEDD22C7BC9D00778F85 /* iTunesClient.framework */ = {isa = PBXFileReference; explicitFileType = wrapper.framework; includeInIndex = 0; path = iTunesClient.framework; sourceTree = BUILT_PRODUCTS_DIR; };
		8A79DEE022C7BC9D00778F85 /* iTunesClient.h */ = {isa = PBXFileReference; lastKnownFileType = sourcecode.c.h; path = iTunesClient.h; sourceTree = "<group>"; };
		8A79DEE122C7BC9D00778F85 /* Info.plist */ = {isa = PBXFileReference; lastKnownFileType = text.plist.xml; path = Info.plist; sourceTree = "<group>"; };
		8A79DEE622C7BC9D00778F85 /* iTunesClientTests.xctest */ = {isa = PBXFileReference; explicitFileType = wrapper.cfbundle; includeInIndex = 0; path = iTunesClientTests.xctest; sourceTree = BUILT_PRODUCTS_DIR; };
		8A79DEEB22C7BC9D00778F85 /* iTunesClientTests.swift */ = {isa = PBXFileReference; lastKnownFileType = sourcecode.swift; path = iTunesClientTests.swift; sourceTree = "<group>"; };
		8A79DEED22C7BC9D00778F85 /* Info.plist */ = {isa = PBXFileReference; lastKnownFileType = text.plist.xml; path = Info.plist; sourceTree = "<group>"; };
		8A79DEF822C7BCBF00778F85 /* BaseOperation.swift */ = {isa = PBXFileReference; fileEncoding = 4; lastKnownFileType = sourcecode.swift; path = BaseOperation.swift; sourceTree = "<group>"; };
		8A79DEF922C7BCBF00778F85 /* FetchOperation.swift */ = {isa = PBXFileReference; fileEncoding = 4; lastKnownFileType = sourcecode.swift; path = FetchOperation.swift; sourceTree = "<group>"; };
		8A79DEFA22C7BCBF00778F85 /* DecodeOperation.swift */ = {isa = PBXFileReference; fileEncoding = 4; lastKnownFileType = sourcecode.swift; path = DecodeOperation.swift; sourceTree = "<group>"; };
		8A79DEFB22C7BCBF00778F85 /* DelayOperation.swift */ = {isa = PBXFileReference; fileEncoding = 4; lastKnownFileType = sourcecode.swift; path = DelayOperation.swift; sourceTree = "<group>"; };
		8A79DEFC22C7BCBF00778F85 /* UpdateUIOperation.swift */ = {isa = PBXFileReference; fileEncoding = 4; lastKnownFileType = sourcecode.swift; path = UpdateUIOperation.swift; sourceTree = "<group>"; };
		8A79DEFD22C7BCBF00778F85 /* OperationData.swift */ = {isa = PBXFileReference; fileEncoding = 4; lastKnownFileType = sourcecode.swift; path = OperationData.swift; sourceTree = "<group>"; };
		8A79DF0A22C7BCC900778F85 /* Client.swift */ = {isa = PBXFileReference; fileEncoding = 4; lastKnownFileType = sourcecode.swift; path = Client.swift; sourceTree = "<group>"; };
/* End PBXFileReference section */

/* Begin PBXFrameworksBuildPhase section */
		8A79DEDA22C7BC9D00778F85 /* Frameworks */ = {
			isa = PBXFrameworksBuildPhase;
			buildActionMask = 2147483647;
			files = (
			);
			runOnlyForDeploymentPostprocessing = 0;
		};
		8A79DEE322C7BC9D00778F85 /* Frameworks */ = {
			isa = PBXFrameworksBuildPhase;
			buildActionMask = 2147483647;
			files = (
				8A79DEE722C7BC9D00778F85 /* iTunesClient.framework in Frameworks */,
			);
			runOnlyForDeploymentPostprocessing = 0;
		};
/* End PBXFrameworksBuildPhase section */

/* Begin PBXGroup section */
		8A30104022C7D003001B9224 /* SupportingFiles */ = {
			isa = PBXGroup;
			children = (
				8A79DEE122C7BC9D00778F85 /* Info.plist */,
			);
			path = SupportingFiles;
			sourceTree = "<group>";
		};
		8A79DED322C7BC9D00778F85 = {
			isa = PBXGroup;
			children = (
				8A30104022C7D003001B9224 /* SupportingFiles */,
				8A79DEDF22C7BC9D00778F85 /* iTunesClient */,
				8A79DEEA22C7BC9D00778F85 /* iTunesClientTests */,
				8A79DEDE22C7BC9D00778F85 /* Products */,
			);
			sourceTree = "<group>";
		};
		8A79DEDE22C7BC9D00778F85 /* Products */ = {
			isa = PBXGroup;
			children = (
				8A79DEDD22C7BC9D00778F85 /* iTunesClient.framework */,
				8A79DEE622C7BC9D00778F85 /* iTunesClientTests.xctest */,
			);
			name = Products;
			sourceTree = "<group>";
		};
		8A79DEDF22C7BC9D00778F85 /* iTunesClient */ = {
			isa = PBXGroup;
			children = (
				8A79DF0D22C7BCD500778F85 /* Models */,
				8A79DEF722C7BCA800778F85 /* Operations */,
				8A79DEE022C7BC9D00778F85 /* iTunesClient.h */,
				8A79DF0A22C7BCC900778F85 /* Client.swift */,
			);
			path = iTunesClient;
			sourceTree = "<group>";
		};
		8A79DEEA22C7BC9D00778F85 /* iTunesClientTests */ = {
			isa = PBXGroup;
			children = (
				8A79DEEB22C7BC9D00778F85 /* iTunesClientTests.swift */,
				8A79DEED22C7BC9D00778F85 /* Info.plist */,
			);
			path = iTunesClientTests;
			sourceTree = "<group>";
		};
		8A79DEF722C7BCA800778F85 /* Operations */ = {
			isa = PBXGroup;
			children = (
				8A79DEF822C7BCBF00778F85 /* BaseOperation.swift */,
				8A79DEFA22C7BCBF00778F85 /* DecodeOperation.swift */,
				8A79DEFB22C7BCBF00778F85 /* DelayOperation.swift */,
				8A79DEF922C7BCBF00778F85 /* FetchOperation.swift */,
				8A79DEFC22C7BCBF00778F85 /* UpdateUIOperation.swift */,
			);
			path = Operations;
			sourceTree = "<group>";
		};
		8A79DF0D22C7BCD500778F85 /* Models */ = {
			isa = PBXGroup;
			children = (
				8A79DEFD22C7BCBF00778F85 /* OperationData.swift */,
			);
			path = Models;
			sourceTree = "<group>";
		};
/* End PBXGroup section */

/* Begin PBXHeadersBuildPhase section */
		8A79DED822C7BC9D00778F85 /* Headers */ = {
			isa = PBXHeadersBuildPhase;
			buildActionMask = 2147483647;
			files = (
				8A79DEEE22C7BC9D00778F85 /* iTunesClient.h in Headers */,
			);
			runOnlyForDeploymentPostprocessing = 0;
		};
/* End PBXHeadersBuildPhase section */

/* Begin PBXNativeTarget section */
		8A79DEDC22C7BC9D00778F85 /* iTunesClient */ = {
			isa = PBXNativeTarget;
			buildConfigurationList = 8A79DEF122C7BC9D00778F85 /* Build configuration list for PBXNativeTarget "iTunesClient" */;
			buildPhases = (
				8A79DED822C7BC9D00778F85 /* Headers */,
				8A79DED922C7BC9D00778F85 /* Sources */,
				8A79DEDA22C7BC9D00778F85 /* Frameworks */,
				8A79DEDB22C7BC9D00778F85 /* Resources */,
			);
			buildRules = (
			);
			dependencies = (
			);
			name = iTunesClient;
			productName = iTunesClient;
			productReference = 8A79DEDD22C7BC9D00778F85 /* iTunesClient.framework */;
			productType = "com.apple.product-type.framework";
		};
		8A79DEE522C7BC9D00778F85 /* iTunesClientTests */ = {
			isa = PBXNativeTarget;
			buildConfigurationList = 8A79DEF422C7BC9D00778F85 /* Build configuration list for PBXNativeTarget "iTunesClientTests" */;
			buildPhases = (
				8A79DEE222C7BC9D00778F85 /* Sources */,
				8A79DEE322C7BC9D00778F85 /* Frameworks */,
				8A79DEE422C7BC9D00778F85 /* Resources */,
			);
			buildRules = (
			);
			dependencies = (
				8A79DEE922C7BC9D00778F85 /* PBXTargetDependency */,
			);
			name = iTunesClientTests;
			productName = iTunesClientTests;
			productReference = 8A79DEE622C7BC9D00778F85 /* iTunesClientTests.xctest */;
			productType = "com.apple.product-type.bundle.unit-test";
		};
/* End PBXNativeTarget section */

/* Begin PBXProject section */
		8A79DED422C7BC9D00778F85 /* Project object */ = {
			isa = PBXProject;
			attributes = {
				LastSwiftUpdateCheck = 1020;
				LastUpgradeCheck = 1020;
				ORGANIZATIONNAME = mmk;
				TargetAttributes = {
					8A79DEDC22C7BC9D00778F85 = {
						CreatedOnToolsVersion = 10.2.1;
						LastSwiftMigration = 1020;
					};
					8A79DEE522C7BC9D00778F85 = {
						CreatedOnToolsVersion = 10.2.1;
					};
				};
			};
			buildConfigurationList = 8A79DED722C7BC9D00778F85 /* Build configuration list for PBXProject "iTunesClient" */;
			compatibilityVersion = "Xcode 9.3";
			developmentRegion = en;
			hasScannedForEncodings = 0;
			knownRegions = (
				en,
			);
			mainGroup = 8A79DED322C7BC9D00778F85;
			productRefGroup = 8A79DEDE22C7BC9D00778F85 /* Products */;
			projectDirPath = "";
			projectRoot = "";
			targets = (
				8A79DEDC22C7BC9D00778F85 /* iTunesClient */,
				8A79DEE522C7BC9D00778F85 /* iTunesClientTests */,
			);
		};
/* End PBXProject section */

/* Begin PBXResourcesBuildPhase section */
		8A79DEDB22C7BC9D00778F85 /* Resources */ = {
			isa = PBXResourcesBuildPhase;
			buildActionMask = 2147483647;
			files = (
			);
			runOnlyForDeploymentPostprocessing = 0;
		};
		8A79DEE422C7BC9D00778F85 /* Resources */ = {
			isa = PBXResourcesBuildPhase;
			buildActionMask = 2147483647;
			files = (
			);
			runOnlyForDeploymentPostprocessing = 0;
		};
/* End PBXResourcesBuildPhase section */

/* Begin PBXSourcesBuildPhase section */
		8A79DED922C7BC9D00778F85 /* Sources */ = {
			isa = PBXSourcesBuildPhase;
			buildActionMask = 2147483647;
			files = (
				8A79DF0222C7BCBF00778F85 /* DecodeOperation.swift in Sources */,
				8A79DF0B22C7BCC900778F85 /* Client.swift in Sources */,
				8A79DF0022C7BCBF00778F85 /* FetchOperation.swift in Sources */,
				8A79DEFE22C7BCBF00778F85 /* BaseOperation.swift in Sources */,
				8A79DF0422C7BCBF00778F85 /* DelayOperation.swift in Sources */,
				8A79DF0622C7BCBF00778F85 /* UpdateUIOperation.swift in Sources */,
				8A79DF0822C7BCBF00778F85 /* OperationData.swift in Sources */,
			);
			runOnlyForDeploymentPostprocessing = 0;
		};
		8A79DEE222C7BC9D00778F85 /* Sources */ = {
			isa = PBXSourcesBuildPhase;
			buildActionMask = 2147483647;
			files = (
				8A79DF0722C7BCBF00778F85 /* UpdateUIOperation.swift in Sources */,
				8A79DF0922C7BCBF00778F85 /* OperationData.swift in Sources */,
				8A79DF0122C7BCBF00778F85 /* FetchOperation.swift in Sources */,
				8A79DF0322C7BCBF00778F85 /* DecodeOperation.swift in Sources */,
				8A79DF0522C7BCBF00778F85 /* DelayOperation.swift in Sources */,
				8A79DEFF22C7BCBF00778F85 /* BaseOperation.swift in Sources */,
				8A79DF0C22C7BCC900778F85 /* Client.swift in Sources */,
				8A79DEEC22C7BC9D00778F85 /* iTunesClientTests.swift in Sources */,
			);
			runOnlyForDeploymentPostprocessing = 0;
		};
/* End PBXSourcesBuildPhase section */

/* Begin PBXTargetDependency section */
		8A79DEE922C7BC9D00778F85 /* PBXTargetDependency */ = {
			isa = PBXTargetDependency;
			target = 8A79DEDC22C7BC9D00778F85 /* iTunesClient */;
			targetProxy = 8A79DEE822C7BC9D00778F85 /* PBXContainerItemProxy */;
		};
/* End PBXTargetDependency section */

/* Begin XCBuildConfiguration section */
		8A79DEEF22C7BC9D00778F85 /* Debug */ = {
			isa = XCBuildConfiguration;
			buildSettings = {
				ALWAYS_SEARCH_USER_PATHS = NO;
				CLANG_ANALYZER_NONNULL = YES;
				CLANG_ANALYZER_NUMBER_OBJECT_CONVERSION = YES_AGGRESSIVE;
				CLANG_CXX_LANGUAGE_STANDARD = "gnu++14";
				CLANG_CXX_LIBRARY = "libc++";
				CLANG_ENABLE_MODULES = YES;
				CLANG_ENABLE_OBJC_ARC = YES;
				CLANG_ENABLE_OBJC_WEAK = YES;
				CLANG_WARN_BLOCK_CAPTURE_AUTORELEASING = YES;
				CLANG_WARN_BOOL_CONVERSION = YES;
				CLANG_WARN_COMMA = YES;
				CLANG_WARN_CONSTANT_CONVERSION = YES;
				CLANG_WARN_DEPRECATED_OBJC_IMPLEMENTATIONS = YES;
				CLANG_WARN_DIRECT_OBJC_ISA_USAGE = YES_ERROR;
				CLANG_WARN_DOCUMENTATION_COMMENTS = YES;
				CLANG_WARN_EMPTY_BODY = YES;
				CLANG_WARN_ENUM_CONVERSION = YES;
				CLANG_WARN_INFINITE_RECURSION = YES;
				CLANG_WARN_INT_CONVERSION = YES;
				CLANG_WARN_NON_LITERAL_NULL_CONVERSION = YES;
				CLANG_WARN_OBJC_IMPLICIT_RETAIN_SELF = YES;
				CLANG_WARN_OBJC_LITERAL_CONVERSION = YES;
				CLANG_WARN_OBJC_ROOT_CLASS = YES_ERROR;
				CLANG_WARN_RANGE_LOOP_ANALYSIS = YES;
				CLANG_WARN_STRICT_PROTOTYPES = YES;
				CLANG_WARN_SUSPICIOUS_MOVE = YES;
				CLANG_WARN_UNGUARDED_AVAILABILITY = YES_AGGRESSIVE;
				CLANG_WARN_UNREACHABLE_CODE = YES;
				CLANG_WARN__DUPLICATE_METHOD_MATCH = YES;
				CODE_SIGN_IDENTITY = "iPhone Developer";
				COPY_PHASE_STRIP = NO;
				CURRENT_PROJECT_VERSION = 1;
				DEBUG_INFORMATION_FORMAT = dwarf;
				ENABLE_STRICT_OBJC_MSGSEND = YES;
				ENABLE_TESTABILITY = YES;
				GCC_C_LANGUAGE_STANDARD = gnu11;
				GCC_DYNAMIC_NO_PIC = NO;
				GCC_NO_COMMON_BLOCKS = YES;
				GCC_OPTIMIZATION_LEVEL = 0;
				GCC_PREPROCESSOR_DEFINITIONS = (
					"DEBUG=1",
					"$(inherited)",
				);
				GCC_WARN_64_TO_32_BIT_CONVERSION = YES;
				GCC_WARN_ABOUT_RETURN_TYPE = YES_ERROR;
				GCC_WARN_UNDECLARED_SELECTOR = YES;
				GCC_WARN_UNINITIALIZED_AUTOS = YES_AGGRESSIVE;
				GCC_WARN_UNUSED_FUNCTION = YES;
				GCC_WARN_UNUSED_VARIABLE = YES;
				IPHONEOS_DEPLOYMENT_TARGET = 12.2;
				MTL_ENABLE_DEBUG_INFO = INCLUDE_SOURCE;
				MTL_FAST_MATH = YES;
				ONLY_ACTIVE_ARCH = YES;
				SDKROOT = iphoneos;
				SWIFT_ACTIVE_COMPILATION_CONDITIONS = DEBUG;
				SWIFT_OPTIMIZATION_LEVEL = "-Onone";
				VERSIONING_SYSTEM = "apple-generic";
				VERSION_INFO_PREFIX = "";
			};
			name = Debug;
		};
		8A79DEF022C7BC9D00778F85 /* Release */ = {
			isa = XCBuildConfiguration;
			buildSettings = {
				ALWAYS_SEARCH_USER_PATHS = NO;
				CLANG_ANALYZER_NONNULL = YES;
				CLANG_ANALYZER_NUMBER_OBJECT_CONVERSION = YES_AGGRESSIVE;
				CLANG_CXX_LANGUAGE_STANDARD = "gnu++14";
				CLANG_CXX_LIBRARY = "libc++";
				CLANG_ENABLE_MODULES = YES;
				CLANG_ENABLE_OBJC_ARC = YES;
				CLANG_ENABLE_OBJC_WEAK = YES;
				CLANG_WARN_BLOCK_CAPTURE_AUTORELEASING = YES;
				CLANG_WARN_BOOL_CONVERSION = YES;
				CLANG_WARN_COMMA = YES;
				CLANG_WARN_CONSTANT_CONVERSION = YES;
				CLANG_WARN_DEPRECATED_OBJC_IMPLEMENTATIONS = YES;
				CLANG_WARN_DIRECT_OBJC_ISA_USAGE = YES_ERROR;
				CLANG_WARN_DOCUMENTATION_COMMENTS = YES;
				CLANG_WARN_EMPTY_BODY = YES;
				CLANG_WARN_ENUM_CONVERSION = YES;
				CLANG_WARN_INFINITE_RECURSION = YES;
				CLANG_WARN_INT_CONVERSION = YES;
				CLANG_WARN_NON_LITERAL_NULL_CONVERSION = YES;
				CLANG_WARN_OBJC_IMPLICIT_RETAIN_SELF = YES;
				CLANG_WARN_OBJC_LITERAL_CONVERSION = YES;
				CLANG_WARN_OBJC_ROOT_CLASS = YES_ERROR;
				CLANG_WARN_RANGE_LOOP_ANALYSIS = YES;
				CLANG_WARN_STRICT_PROTOTYPES = YES;
				CLANG_WARN_SUSPICIOUS_MOVE = YES;
				CLANG_WARN_UNGUARDED_AVAILABILITY = YES_AGGRESSIVE;
				CLANG_WARN_UNREACHABLE_CODE = YES;
				CLANG_WARN__DUPLICATE_METHOD_MATCH = YES;
				CODE_SIGN_IDENTITY = "iPhone Developer";
				COPY_PHASE_STRIP = NO;
				CURRENT_PROJECT_VERSION = 1;
				DEBUG_INFORMATION_FORMAT = "dwarf-with-dsym";
				ENABLE_NS_ASSERTIONS = NO;
				ENABLE_STRICT_OBJC_MSGSEND = YES;
				GCC_C_LANGUAGE_STANDARD = gnu11;
				GCC_NO_COMMON_BLOCKS = YES;
				GCC_WARN_64_TO_32_BIT_CONVERSION = YES;
				GCC_WARN_ABOUT_RETURN_TYPE = YES_ERROR;
				GCC_WARN_UNDECLARED_SELECTOR = YES;
				GCC_WARN_UNINITIALIZED_AUTOS = YES_AGGRESSIVE;
				GCC_WARN_UNUSED_FUNCTION = YES;
				GCC_WARN_UNUSED_VARIABLE = YES;
				IPHONEOS_DEPLOYMENT_TARGET = 12.2;
				MTL_ENABLE_DEBUG_INFO = NO;
				MTL_FAST_MATH = YES;
				SDKROOT = iphoneos;
				SWIFT_COMPILATION_MODE = wholemodule;
				SWIFT_OPTIMIZATION_LEVEL = "-O";
				VALIDATE_PRODUCT = YES;
				VERSIONING_SYSTEM = "apple-generic";
				VERSION_INFO_PREFIX = "";
			};
			name = Release;
		};
		8A79DEF222C7BC9D00778F85 /* Debug */ = {
			isa = XCBuildConfiguration;
			buildSettings = {
				CLANG_ENABLE_MODULES = YES;
				CODE_SIGN_IDENTITY = "";
				CODE_SIGN_STYLE = Automatic;
				DEFINES_MODULE = YES;
				DEVELOPMENT_TEAM = S5LE5TDLUP;
				DYLIB_COMPATIBILITY_VERSION = 1;
				DYLIB_CURRENT_VERSION = 1;
				DYLIB_INSTALL_NAME_BASE = "@rpath";
				INFOPLIST_FILE = SupportingFiles/Info.plist;
				INSTALL_PATH = "$(LOCAL_LIBRARY_DIR)/Frameworks";
				LD_RUNPATH_SEARCH_PATHS = (
					"$(inherited)",
					"@executable_path/Frameworks",
					"@loader_path/Frameworks",
				);
				PRODUCT_BUNDLE_IDENTIFIER = space.mmk.iTunesClient;
				PRODUCT_NAME = "$(TARGET_NAME:c99extidentifier)";
				SKIP_INSTALL = YES;
				SWIFT_OPTIMIZATION_LEVEL = "-Onone";
				SWIFT_VERSION = 5.0;
				TARGETED_DEVICE_FAMILY = "1,2";
			};
			name = Debug;
		};
		8A79DEF322C7BC9D00778F85 /* Release */ = {
			isa = XCBuildConfiguration;
			buildSettings = {
				CLANG_ENABLE_MODULES = YES;
				CODE_SIGN_IDENTITY = "";
				CODE_SIGN_STYLE = Automatic;
				DEFINES_MODULE = YES;
				DEVELOPMENT_TEAM = S5LE5TDLUP;
				DYLIB_COMPATIBILITY_VERSION = 1;
				DYLIB_CURRENT_VERSION = 1;
				DYLIB_INSTALL_NAME_BASE = "@rpath";
				INFOPLIST_FILE = SupportingFiles/Info.plist;
				INSTALL_PATH = "$(LOCAL_LIBRARY_DIR)/Frameworks";
				LD_RUNPATH_SEARCH_PATHS = (
					"$(inherited)",
					"@executable_path/Frameworks",
					"@loader_path/Frameworks",
				);
				PRODUCT_BUNDLE_IDENTIFIER = space.mmk.iTunesClient;
				PRODUCT_NAME = "$(TARGET_NAME:c99extidentifier)";
				SKIP_INSTALL = YES;
				SWIFT_VERSION = 5.0;
				TARGETED_DEVICE_FAMILY = "1,2";
			};
			name = Release;
		};
		8A79DEF522C7BC9D00778F85 /* Debug */ = {
			isa = XCBuildConfiguration;
			buildSettings = {
				ALWAYS_EMBED_SWIFT_STANDARD_LIBRARIES = YES;
				CODE_SIGN_STYLE = Automatic;
				DEVELOPMENT_TEAM = S5LE5TDLUP;
				INFOPLIST_FILE = iTunesClientTests/Info.plist;
				LD_RUNPATH_SEARCH_PATHS = (
					"$(inherited)",
					"@executable_path/Frameworks",
					"@loader_path/Frameworks",
				);
				PRODUCT_BUNDLE_IDENTIFIER = space.mmk.iTunesClientTests;
				PRODUCT_NAME = "$(TARGET_NAME)";
				SWIFT_VERSION = 5.0;
				TARGETED_DEVICE_FAMILY = "1,2";
			};
			name = Debug;
		};
		8A79DEF622C7BC9D00778F85 /* Release */ = {
			isa = XCBuildConfiguration;
			buildSettings = {
				ALWAYS_EMBED_SWIFT_STANDARD_LIBRARIES = YES;
				CODE_SIGN_STYLE = Automatic;
				DEVELOPMENT_TEAM = S5LE5TDLUP;
				INFOPLIST_FILE = iTunesClientTests/Info.plist;
				LD_RUNPATH_SEARCH_PATHS = (
					"$(inherited)",
					"@executable_path/Frameworks",
					"@loader_path/Frameworks",
				);
				PRODUCT_BUNDLE_IDENTIFIER = space.mmk.iTunesClientTests;
				PRODUCT_NAME = "$(TARGET_NAME)";
				SWIFT_VERSION = 5.0;
				TARGETED_DEVICE_FAMILY = "1,2";
			};
			name = Release;
		};
/* End XCBuildConfiguration section */

/* Begin XCConfigurationList section */
		8A79DED722C7BC9D00778F85 /* Build configuration list for PBXProject "iTunesClient" */ = {
			isa = XCConfigurationList;
			buildConfigurations = (
				8A79DEEF22C7BC9D00778F85 /* Debug */,
				8A79DEF022C7BC9D00778F85 /* Release */,
			);
			defaultConfigurationIsVisible = 0;
			defaultConfigurationName = Release;
		};
		8A79DEF122C7BC9D00778F85 /* Build configuration list for PBXNativeTarget "iTunesClient" */ = {
			isa = XCConfigurationList;
			buildConfigurations = (
				8A79DEF222C7BC9D00778F85 /* Debug */,
				8A79DEF322C7BC9D00778F85 /* Release */,
			);
			defaultConfigurationIsVisible = 0;
			defaultConfigurationName = Release;
		};
		8A79DEF422C7BC9D00778F85 /* Build configuration list for PBXNativeTarget "iTunesClientTests" */ = {
			isa = XCConfigurationList;
			buildConfigurations = (
				8A79DEF522C7BC9D00778F85 /* Debug */,
				8A79DEF622C7BC9D00778F85 /* Release */,
			);
			defaultConfigurationIsVisible = 0;
			defaultConfigurationName = Release;
		};
/* End XCConfigurationList section */
	};
	rootObject = 8A79DED422C7BC9D00778F85 /* Project object */;
}
